// !$*UTF8*$!
{
	archiveVersion = 1;
	classes = {
	};
	objectVersion = 46;
	objects = {

/* Begin PBXBuildFile section */
		315E61C01A49378E00A1CB0B /* AppDelegate.swift in Sources */ = {isa = PBXBuildFile; fileRef = 315E61BF1A49378E00A1CB0B /* AppDelegate.swift */; };
		315E61C21A49378E00A1CB0B /* ViewController.swift in Sources */ = {isa = PBXBuildFile; fileRef = 315E61C11A49378E00A1CB0B /* ViewController.swift */; };
		315E61C51A49378F00A1CB0B /* Main.storyboard in Resources */ = {isa = PBXBuildFile; fileRef = 315E61C31A49378F00A1CB0B /* Main.storyboard */; };
		315E61C71A49378F00A1CB0B /* Images.xcassets in Resources */ = {isa = PBXBuildFile; fileRef = 315E61C61A49378F00A1CB0B /* Images.xcassets */; };
		315E61D61A49378F00A1CB0B /* TipperTests.swift in Sources */ = {isa = PBXBuildFile; fileRef = 315E61D51A49378F00A1CB0B /* TipperTests.swift */; };
/* End PBXBuildFile section */

/* Begin PBXContainerItemProxy section */
		315E61D01A49378F00A1CB0B /* PBXContainerItemProxy */ = {
			isa = PBXContainerItemProxy;
			containerPortal = 315E61B21A49378E00A1CB0B /* Project object */;
			proxyType = 1;
			remoteGlobalIDString = 315E61B91A49378E00A1CB0B;
			remoteInfo = Tipper;
		};
/* End PBXContainerItemProxy section */

/* Begin PBXFileReference section */
		315E61BA1A49378E00A1CB0B /* Tipper.app */ = {isa = PBXFileReference; explicitFileType = wrapper.application; includeInIndex = 0; path = Tipper.app; sourceTree = BUILT_PRODUCTS_DIR; };
		315E61BE1A49378E00A1CB0B /* Info.plist */ = {isa = PBXFileReference; lastKnownFileType = text.plist.xml; path = Info.plist; sourceTree = "<group>"; };
		315E61BF1A49378E00A1CB0B /* AppDelegate.swift */ = {isa = PBXFileReference; lastKnownFileType = sourcecode.swift; path = AppDelegate.swift; sourceTree = "<group>"; };
		315E61C11A49378E00A1CB0B /* ViewController.swift */ = {isa = PBXFileReference; lastKnownFileType = sourcecode.swift; path = ViewController.swift; sourceTree = "<group>"; };
		315E61C41A49378F00A1CB0B /* Base */ = {isa = PBXFileReference; lastKnownFileType = file.storyboard; name = Base; path = Base.lproj/Main.storyboard; sourceTree = "<group>"; };
		315E61C61A49378F00A1CB0B /* Images.xcassets */ = {isa = PBXFileReference; lastKnownFileType = folder.assetcatalog; path = Images.xcassets; sourceTree = "<group>"; };
		315E61CF1A49378F00A1CB0B /* TipperTests.xctest */ = {isa = PBXFileReference; explicitFileType = wrapper.cfbundle; includeInIndex = 0; path = TipperTests.xctest; sourceTree = BUILT_PRODUCTS_DIR; };
		315E61D41A49378F00A1CB0B /* Info.plist */ = {isa = PBXFileReference; lastKnownFileType = text.plist.xml; path = Info.plist; sourceTree = "<group>"; };
		315E61D51A49378F00A1CB0B /* TipperTests.swift */ = {isa = PBXFileReference; lastKnownFileType = sourcecode.swift; path = TipperTests.swift; sourceTree = "<group>"; };
/* End PBXFileReference section */

/* Begin PBXFrameworksBuildPhase section */
		315E61B71A49378E00A1CB0B /* Frameworks */ = {
			isa = PBXFrameworksBuildPhase;
			buildActionMask = 2147483647;
			files = (
			);
			runOnlyForDeploymentPostprocessing = 0;
		};
		315E61CC1A49378F00A1CB0B /* Frameworks */ = {
			isa = PBXFrameworksBuildPhase;
			buildActionMask = 2147483647;
			files = (
			);
			runOnlyForDeploymentPostprocessing = 0;
		};
/* End PBXFrameworksBuildPhase section */

/* Begin PBXGroup section */
		315E61B11A49378E00A1CB0B = {
			isa = PBXGroup;
			children = (
				315E61BC1A49378E00A1CB0B /* Tipper */,
				315E61D21A49378F00A1CB0B /* TipperTests */,
				315E61BB1A49378E00A1CB0B /* Products */,
			);
			sourceTree = "<group>";
		};
		315E61BB1A49378E00A1CB0B /* Products */ = {
			isa = PBXGroup;
			children = (
				315E61BA1A49378E00A1CB0B /* Tipper.app */,
				315E61CF1A49378F00A1CB0B /* TipperTests.xctest */,
			);
			name = Products;
			sourceTree = "<group>";
		};
		315E61BC1A49378E00A1CB0B /* Tipper */ = {
			isa = PBXGroup;
			children = (
				315E61BF1A49378E00A1CB0B /* AppDelegate.swift */,
				315E61C11A49378E00A1CB0B /* ViewController.swift */,
				315E61C31A49378F00A1CB0B /* Main.storyboard */,
				315E61C61A49378F00A1CB0B /* Images.xcassets */,
				315E61BD1A49378E00A1CB0B /* Supporting Files */,
			);
			path = Tipper;
			sourceTree = "<group>";
		};
		315E61BD1A49378E00A1CB0B /* Supporting Files */ = {
			isa = PBXGroup;
			children = (
				315E61BE1A49378E00A1CB0B /* Info.plist */,
			);
			name = "Supporting Files";
			sourceTree = "<group>";
		};
		315E61D21A49378F00A1CB0B /* TipperTests */ = {
			isa = PBXGroup;
			children = (
				315E61D51A49378F00A1CB0B /* TipperTests.swift */,
				315E61D31A49378F00A1CB0B /* Supporting Files */,
			);
			path = TipperTests;
			sourceTree = "<group>";
		};
		315E61D31A49378F00A1CB0B /* Supporting Files */ = {
			isa = PBXGroup;
			children = (
				315E61D41A49378F00A1CB0B /* Info.plist */,
			);
			name = "Supporting Files";
			sourceTree = "<group>";
		};
/* End PBXGroup section */

/* Begin PBXNativeTarget section */
		315E61B91A49378E00A1CB0B /* Tipper */ = {
			isa = PBXNativeTarget;
			buildConfigurationList = 315E61D91A49378F00A1CB0B /* Build configuration list for PBXNativeTarget "Tipper" */;
			buildPhases = (
				315E61B61A49378E00A1CB0B /* Sources */,
				315E61B71A49378E00A1CB0B /* Frameworks */,
				315E61B81A49378E00A1CB0B /* Resources */,
			);
			buildRules = (
			);
			dependencies = (
			);
			name = Tipper;
			productName = Tipper;
			productReference = 315E61BA1A49378E00A1CB0B /* Tipper.app */;
			productType = "com.apple.product-type.application";
		};
		315E61CE1A49378F00A1CB0B /* TipperTests */ = {
			isa = PBXNativeTarget;
			buildConfigurationList = 315E61DC1A49378F00A1CB0B /* Build configuration list for PBXNativeTarget "TipperTests" */;
			buildPhases = (
				315E61CB1A49378F00A1CB0B /* Sources */,
				315E61CC1A49378F00A1CB0B /* Frameworks */,
				315E61CD1A49378F00A1CB0B /* Resources */,
			);
			buildRules = (
			);
			dependencies = (
				315E61D11A49378F00A1CB0B /* PBXTargetDependency */,
			);
			name = TipperTests;
			productName = TipperTests;
			productReference = 315E61CF1A49378F00A1CB0B /* TipperTests.xctest */;
			productType = "com.apple.product-type.bundle.unit-test";
		};
/* End PBXNativeTarget section */

/* Begin PBXProject section */
		315E61B21A49378E00A1CB0B /* Project object */ = {
			isa = PBXProject;
			attributes = {
				LastUpgradeCheck = 0610;
				ORGANIZATIONNAME = "Emmanuel Texier";
				TargetAttributes = {
					315E61B91A49378E00A1CB0B = {
						CreatedOnToolsVersion = 6.1.1;
					};
					315E61CE1A49378F00A1CB0B = {
						CreatedOnToolsVersion = 6.1.1;
						TestTargetID = 315E61B91A49378E00A1CB0B;
					};
				};
			};
			buildConfigurationList = 315E61B51A49378E00A1CB0B /* Build configuration list for PBXProject "Tipper" */;
			compatibilityVersion = "Xcode 3.2";
			developmentRegion = English;
			hasScannedForEncodings = 0;
			knownRegions = (
				en,
				Base,
			);
			mainGroup = 315E61B11A49378E00A1CB0B;
			productRefGroup = 315E61BB1A49378E00A1CB0B /* Products */;
			projectDirPath = "";
			projectRoot = "";
			targets = (
				315E61B91A49378E00A1CB0B /* Tipper */,
				315E61CE1A49378F00A1CB0B /* TipperTests */,
			);
		};
/* End PBXProject section */

/* Begin PBXResourcesBuildPhase section */
		315E61B81A49378E00A1CB0B /* Resources */ = {
			isa = PBXResourcesBuildPhase;
			buildActionMask = 2147483647;
			files = (
				315E61C51A49378F00A1CB0B /* Main.storyboard in Resources */,
				315E61C71A49378F00A1CB0B /* Images.xcassets in Resources */,
			);
			runOnlyForDeploymentPostprocessing = 0;
		};
		315E61CD1A49378F00A1CB0B /* Resources */ = {
			isa = PBXResourcesBuildPhase;
			buildActionMask = 2147483647;
			files = (
			);
			runOnlyForDeploymentPostprocessing = 0;
		};
/* End PBXResourcesBuildPhase section */

/* Begin PBXSourcesBuildPhase section */
		315E61B61A49378E00A1CB0B /* Sources */ = {
			isa = PBXSourcesBuildPhase;
			buildActionMask = 2147483647;
			files = (
				315E61C21A49378E00A1CB0B /* ViewController.swift in Sources */,
				315E61C01A49378E00A1CB0B /* AppDelegate.swift in Sources */,
			);
			runOnlyForDeploymentPostprocessing = 0;
		};
		315E61CB1A49378F00A1CB0B /* Sources */ = {
			isa = PBXSourcesBuildPhase;
			buildActionMask = 2147483647;
			files = (
				315E61D61A49378F00A1CB0B /* TipperTests.swift in Sources */,
			);
			runOnlyForDeploymentPostprocessing = 0;
		};
/* End PBXSourcesBuildPhase section */

/* Begin PBXTargetDependency section */
		315E61D11A49378F00A1CB0B /* PBXTargetDependency */ = {
			isa = PBXTargetDependency;
			target = 315E61B91A49378E00A1CB0B /* Tipper */;
			targetProxy = 315E61D01A49378F00A1CB0B /* PBXContainerItemProxy */;
		};
/* End PBXTargetDependency section */

/* Begin PBXVariantGroup section */
		315E61C31A49378F00A1CB0B /* Main.storyboard */ = {
			isa = PBXVariantGroup;
			children = (
				315E61C41A49378F00A1CB0B /* Base */,
			);
			name = Main.storyboard;
			sourceTree = "<group>";
		};
/* End PBXVariantGroup section */

/* Begin XCBuildConfiguration section */
		315E61D71A49378F00A1CB0B /* Debug */ = {
			isa = XCBuildConfiguration;
			buildSettings = {
				ALWAYS_SEARCH_USER_PATHS = NO;
				CLANG_CXX_LANGUAGE_STANDARD = "gnu++0x";
				CLANG_CXX_LIBRARY = "libc++";
				CLANG_ENABLE_MODULES = YES;
				CLANG_ENABLE_OBJC_ARC = YES;
				CLANG_WARN_BOOL_CONVERSION = YES;
				CLANG_WARN_CONSTANT_CONVERSION = YES;
				CLANG_WARN_DIRECT_OBJC_ISA_USAGE = YES_ERROR;
				CLANG_WARN_EMPTY_BODY = YES;
				CLANG_WARN_ENUM_CONVERSION = YES;
				CLANG_WARN_INT_CONVERSION = YES;
				CLANG_WARN_OBJC_ROOT_CLASS = YES_ERROR;
				CLANG_WARN_UNREACHABLE_CODE = YES;
				CLANG_WARN__DUPLICATE_METHOD_MATCH = YES;
				"CODE_SIGN_IDENTITY[sdk=iphoneos*]" = "iPhone Developer";
				COPY_PHASE_STRIP = NO;
				ENABLE_STRICT_OBJC_MSGSEND = YES;
				GCC_C_LANGUAGE_STANDARD = gnu99;
				GCC_DYNAMIC_NO_PIC = NO;
				GCC_OPTIMIZATION_LEVEL = 0;
				GCC_PREPROCESSOR_DEFINITIONS = (
					"DEBUG=1",
					"$(inherited)",
				);
				GCC_SYMBOLS_PRIVATE_EXTERN = NO;
				GCC_WARN_64_TO_32_BIT_CONVERSION = YES;
				GCC_WARN_ABOUT_RETURN_TYPE = YES_ERROR;
				GCC_WARN_UNDECLARED_SELECTOR = YES;
				GCC_WARN_UNINITIALIZED_AUTOS = YES_AGGRESSIVE;
				GCC_WARN_UNUSED_FUNCTION = YES;
				GCC_WARN_UNUSED_VARIABLE = YES;
				IPHONEOS_DEPLOYMENT_TARGET = 8.1;
				MTL_ENABLE_DEBUG_INFO = YES;
				ONLY_ACTIVE_ARCH = YES;
				SDKROOT = iphoneos;
				SWIFT_OPTIMIZATION_LEVEL = "-Onone";
			};
			name = Debug;
		};
		315E61D81A49378F00A1CB0B /* Release */ = {
			isa = XCBuildConfiguration;
			buildSettings = {
				ALWAYS_SEARCH_USER_PATHS = NO;
				CLANG_CXX_LANGUAGE_STANDARD = "gnu++0x";
				CLANG_CXX_LIBRARY = "libc++";
				CLANG_ENABLE_MODULES = YES;
				CLANG_ENABLE_OBJC_ARC = YES;
				CLANG_WARN_BOOL_CONVERSION = YES;
				CLANG_WARN_CONSTANT_CONVERSION = YES;
				CLANG_WARN_DIRECT_OBJC_ISA_USAGE = YES_ERROR;
				CLANG_WARN_EMPTY_BODY = YES;
				CLANG_WARN_ENUM_CONVERSION = YES;
				CLANG_WARN_INT_CONVERSION = YES;
				CLANG_WARN_OBJC_ROOT_CLASS = YES_ERROR;
				CLANG_WARN_UNREACHABLE_CODE = YES;
				CLANG_WARN__DUPLICATE_METHOD_MATCH = YES;
				"CODE_SIGN_IDENTITY[sdk=iphoneos*]" = "iPhone Developer";
				COPY_PHASE_STRIP = YES;
				ENABLE_NS_ASSERTIONS = NO;
				ENABLE_STRICT_OBJC_MSGSEND = YES;
				GCC_C_LANGUAGE_STANDARD = gnu99;
				GCC_WARN_64_TO_32_BIT_CONVERSION = YES;
				GCC_WARN_ABOUT_RETURN_TYPE = YES_ERROR;
				GCC_WARN_UNDECLARED_SELECTOR = YES;
				GCC_WARN_UNINITIALIZED_AUTOS = YES_AGGRESSIVE;
				GCC_WARN_UNUSED_FUNCTION = YES;
				GCC_WARN_UNUSED_VARIABLE = YES;
				IPHONEOS_DEPLOYMENT_TARGET = 8.1;
				MTL_ENABLE_DEBUG_INFO = NO;
				SDKROOT = iphoneos;
				VALIDATE_PRODUCT = YES;
			};
			name = Release;
		};
		315E61DA1A49378F00A1CB0B /* Debug */ = {
			isa = XCBuildConfiguration;
			buildSettings = {
				ASSETCATALOG_COMPILER_APPICON_NAME = AppIcon;
				INFOPLIST_FILE = Tipper/Info.plist;
				IPHONEOS_DEPLOYMENT_TARGET = 8.1;
				LD_RUNPATH_SEARCH_PATHS = "$(inherited) @executable_path/Frameworks";
				PRODUCT_NAME = "$(TARGET_NAME)";
			};
			name = Debug;
		};
		315E61DB1A49378F00A1CB0B /* Release */ = {
			isa = XCBuildConfiguration;
			buildSettings = {
				ASSETCATALOG_COMPILER_APPICON_NAME = AppIcon;
				INFOPLIST_FILE = Tipper/Info.plist;
				IPHONEOS_DEPLOYMENT_TARGET = 8.1;
				LD_RUNPATH_SEARCH_PATHS = "$(inherited) @executable_path/Frameworks";
				PRODUCT_NAME = "$(TARGET_NAME)";
			};
			name = Release;
		};
		315E61DD1A49378F00A1CB0B /* Debug */ = {
			isa = XCBuildConfiguration;
			buildSettings = {
				BUNDLE_LOADER = "$(TEST_HOST)";
				FRAMEWORK_SEARCH_PATHS = (
					"$(SDKROOT)/Developer/Library/Frameworks",
					"$(inherited)",
				);
				GCC_PREPROCESSOR_DEFINITIONS = (
					"DEBUG=1",
					"$(inherited)",
				);
				INFOPLIST_FILE = TipperTests/Info.plist;
				LD_RUNPATH_SEARCH_PATHS = "$(inherited) @executable_path/Frameworks @loader_path/Frameworks";
				PRODUCT_NAME = "$(TARGET_NAME)";
				TEST_HOST = "$(BUILT_PRODUCTS_DIR)/Tipper.app/Tipper";
			};
			name = Debug;
		};
		315E61DE1A49378F00A1CB0B /* Release */ = {
			isa = XCBuildConfiguration;
			buildSettings = {
				BUNDLE_LOADER = "$(TEST_HOST)";
				FRAMEWORK_SEARCH_PATHS = (
					"$(SDKROOT)/Developer/Library/Frameworks",
					"$(inherited)",
				);
				INFOPLIST_FILE = TipperTests/Info.plist;
				LD_RUNPATH_SEARCH_PATHS = "$(inherited) @executable_path/Frameworks @loader_path/Frameworks";
				PRODUCT_NAME = "$(TARGET_NAME)";
				TEST_HOST = "$(BUILT_PRODUCTS_DIR)/Tipper.app/Tipper";
			};
			name = Release;
		};
/* End XCBuildConfiguration section */

/* Begin XCConfigurationList section */
		315E61B51A49378E00A1CB0B /* Build configuration list for PBXProject "Tipper" */ = {
			isa = XCConfigurationList;
			buildConfigurations = (
				315E61D71A49378F00A1CB0B /* Debug */,
				315E61D81A49378F00A1CB0B /* Release */,
			);
			defaultConfigurationIsVisible = 0;
			defaultConfigurationName = Release;
		};
		315E61D91A49378F00A1CB0B /* Build configuration list for PBXNativeTarget "Tipper" */ = {
			isa = XCConfigurationList;
			buildConfigurations = (
				315E61DA1A49378F00A1CB0B /* Debug */,
				315E61DB1A49378F00A1CB0B /* Release */,
			);
			defaultConfigurationIsVisible = 0;
		};
		315E61DC1A49378F00A1CB0B /* Build configuration list for PBXNativeTarget "TipperTests" */ = {
			isa = XCConfigurationList;
			buildConfigurations = (
				315E61DD1A49378F00A1CB0B /* Debug */,
				315E61DE1A49378F00A1CB0B /* Release */,
			);
			defaultConfigurationIsVisible = 0;
		};
/* End XCConfigurationList section */
	};
	rootObject = 315E61B21A49378E00A1CB0B /* Project object */;
}
